// !$*UTF8*$!
{
	archiveVersion = 1;
	classes = {
	};
	objectVersion = 56;
	objects = {

/* Begin PBXBuildFile section */
		034EB8EA29014C3700FA2F2B /* MultiPageFormApp.swift in Sources */ = {isa = PBXBuildFile; fileRef = 034EB8E929014C3700FA2F2B /* MultiPageFormApp.swift */; };
		034EB8EC29014C3700FA2F2B /* RegistrationInputView.swift in Sources */ = {isa = PBXBuildFile; fileRef = 034EB8EB29014C3700FA2F2B /* RegistrationInputView.swift */; };
		034EB8EE29014C3800FA2F2B /* Assets.xcassets in Resources */ = {isa = PBXBuildFile; fileRef = 034EB8ED29014C3800FA2F2B /* Assets.xcassets */; };
		034EB8F129014C3800FA2F2B /* Preview Assets.xcassets in Resources */ = {isa = PBXBuildFile; fileRef = 034EB8F029014C3800FA2F2B /* Preview Assets.xcassets */; };
		034EB8F829018A2100FA2F2B /* PrimaryButtonStyle.swift in Sources */ = {isa = PBXBuildFile; fileRef = 034EB8F729018A2100FA2F2B /* PrimaryButtonStyle.swift */; };
		034EB8FA290196F800FA2F2B /* ProfileImage.swift in Sources */ = {isa = PBXBuildFile; fileRef = 034EB8F9290196F800FA2F2B /* ProfileImage.swift */; };
		034EB8FC2901988600FA2F2B /* PrimaryTextFieldStyle.swift in Sources */ = {isa = PBXBuildFile; fileRef = 034EB8FB2901988600FA2F2B /* PrimaryTextFieldStyle.swift */; };
		034EB8FE2901A7D400FA2F2B /* RegistrationInputViewModel.swift in Sources */ = {isa = PBXBuildFile; fileRef = 034EB8FD2901A7D400FA2F2B /* RegistrationInputViewModel.swift */; };
/* End PBXBuildFile section */

/* Begin PBXFileReference section */
		034EB8E629014C3700FA2F2B /* MultiPageForm.app */ = {isa = PBXFileReference; explicitFileType = wrapper.application; includeInIndex = 0; path = MultiPageForm.app; sourceTree = BUILT_PRODUCTS_DIR; };
		034EB8E929014C3700FA2F2B /* MultiPageFormApp.swift */ = {isa = PBXFileReference; lastKnownFileType = sourcecode.swift; path = MultiPageFormApp.swift; sourceTree = "<group>"; };
		034EB8EB29014C3700FA2F2B /* RegistrationInputView.swift */ = {isa = PBXFileReference; lastKnownFileType = sourcecode.swift; path = RegistrationInputView.swift; sourceTree = "<group>"; };
		034EB8ED29014C3800FA2F2B /* Assets.xcassets */ = {isa = PBXFileReference; lastKnownFileType = folder.assetcatalog; path = Assets.xcassets; sourceTree = "<group>"; };
		034EB8F029014C3800FA2F2B /* Preview Assets.xcassets */ = {isa = PBXFileReference; lastKnownFileType = folder.assetcatalog; path = "Preview Assets.xcassets"; sourceTree = "<group>"; };
		034EB8F729018A2100FA2F2B /* PrimaryButtonStyle.swift */ = {isa = PBXFileReference; lastKnownFileType = sourcecode.swift; path = PrimaryButtonStyle.swift; sourceTree = "<group>"; };
		034EB8F9290196F800FA2F2B /* ProfileImage.swift */ = {isa = PBXFileReference; fileEncoding = 4; lastKnownFileType = sourcecode.swift; path = ProfileImage.swift; sourceTree = "<group>"; };
		034EB8FB2901988600FA2F2B /* PrimaryTextFieldStyle.swift */ = {isa = PBXFileReference; lastKnownFileType = sourcecode.swift; path = PrimaryTextFieldStyle.swift; sourceTree = "<group>"; };
		034EB8FD2901A7D400FA2F2B /* RegistrationInputViewModel.swift */ = {isa = PBXFileReference; lastKnownFileType = sourcecode.swift; path = RegistrationInputViewModel.swift; sourceTree = "<group>"; };
/* End PBXFileReference section */

/* Begin PBXFrameworksBuildPhase section */
		034EB8E329014C3700FA2F2B /* Frameworks */ = {
			isa = PBXFrameworksBuildPhase;
			buildActionMask = 2147483647;
			files = (
			);
			runOnlyForDeploymentPostprocessing = 0;
		};
/* End PBXFrameworksBuildPhase section */

/* Begin PBXGroup section */
		034EB8DD29014C3700FA2F2B = {
			isa = PBXGroup;
			children = (
				034EB8E829014C3700FA2F2B /* MultiPageForm */,
				034EB8E729014C3700FA2F2B /* Products */,
			);
			sourceTree = "<group>";
		};
		034EB8E729014C3700FA2F2B /* Products */ = {
			isa = PBXGroup;
			children = (
				034EB8E629014C3700FA2F2B /* MultiPageForm.app */,
			);
			name = Products;
			sourceTree = "<group>";
		};
		034EB8E829014C3700FA2F2B /* MultiPageForm */ = {
			isa = PBXGroup;
			children = (
				034EB8E929014C3700FA2F2B /* MultiPageFormApp.swift */,
				034EB8EB29014C3700FA2F2B /* RegistrationInputView.swift */,
				034EB8FD2901A7D400FA2F2B /* RegistrationInputViewModel.swift */,
				034EB8FB2901988600FA2F2B /* PrimaryTextFieldStyle.swift */,
				034EB8F729018A2100FA2F2B /* PrimaryButtonStyle.swift */,
				034EB8F9290196F800FA2F2B /* ProfileImage.swift */,
				034EB8ED29014C3800FA2F2B /* Assets.xcassets */,
				034EB8EF29014C3800FA2F2B /* Preview Content */,
			);
			path = MultiPageForm;
			sourceTree = "<group>";
		};
		034EB8EF29014C3800FA2F2B /* Preview Content */ = {
			isa = PBXGroup;
			children = (
				034EB8F029014C3800FA2F2B /* Preview Assets.xcassets */,
			);
			path = "Preview Content";
			sourceTree = "<group>";
		};
/* End PBXGroup section */

/* Begin PBXNativeTarget section */
		034EB8E529014C3700FA2F2B /* MultiPageForm */ = {
			isa = PBXNativeTarget;
			buildConfigurationList = 034EB8F429014C3800FA2F2B /* Build configuration list for PBXNativeTarget "MultiPageForm" */;
			buildPhases = (
				034EB8E229014C3700FA2F2B /* Sources */,
				034EB8E329014C3700FA2F2B /* Frameworks */,
				034EB8E429014C3700FA2F2B /* Resources */,
			);
			buildRules = (
			);
			dependencies = (
			);
			name = MultiPageForm;
			productName = MultiPageForm;
			productReference = 034EB8E629014C3700FA2F2B /* MultiPageForm.app */;
			productType = "com.apple.product-type.application";
		};
/* End PBXNativeTarget section */

/* Begin PBXProject section */
		034EB8DE29014C3700FA2F2B /* Project object */ = {
			isa = PBXProject;
			attributes = {
				BuildIndependentTargetsInParallel = 1;
				LastSwiftUpdateCheck = 1400;
				LastUpgradeCheck = 1400;
				TargetAttributes = {
					034EB8E529014C3700FA2F2B = {
						CreatedOnToolsVersion = 14.0.1;
					};
				};
			};
			buildConfigurationList = 034EB8E129014C3700FA2F2B /* Build configuration list for PBXProject "MultiPageForm" */;
			compatibilityVersion = "Xcode 14.0";
			developmentRegion = en;
			hasScannedForEncodings = 0;
			knownRegions = (
				en,
				Base,
			);
			mainGroup = 034EB8DD29014C3700FA2F2B;
			productRefGroup = 034EB8E729014C3700FA2F2B /* Products */;
			projectDirPath = "";
			projectRoot = "";
			targets = (
				034EB8E529014C3700FA2F2B /* MultiPageForm */,
			);
		};
/* End PBXProject section */

/* Begin PBXResourcesBuildPhase section */
		034EB8E429014C3700FA2F2B /* Resources */ = {
			isa = PBXResourcesBuildPhase;
			buildActionMask = 2147483647;
			files = (
				034EB8F129014C3800FA2F2B /* Preview Assets.xcassets in Resources */,
				034EB8EE29014C3800FA2F2B /* Assets.xcassets in Resources */,
			);
			runOnlyForDeploymentPostprocessing = 0;
		};
/* End PBXResourcesBuildPhase section */

/* Begin PBXSourcesBuildPhase section */
		034EB8E229014C3700FA2F2B /* Sources */ = {
			isa = PBXSourcesBuildPhase;
			buildActionMask = 2147483647;
			files = (
				034EB8FE2901A7D400FA2F2B /* RegistrationInputViewModel.swift in Sources */,
				034EB8FC2901988600FA2F2B /* PrimaryTextFieldStyle.swift in Sources */,
				034EB8F829018A2100FA2F2B /* PrimaryButtonStyle.swift in Sources */,
				034EB8FA290196F800FA2F2B /* ProfileImage.swift in Sources */,
				034EB8EC29014C3700FA2F2B /* RegistrationInputView.swift in Sources */,
				034EB8EA29014C3700FA2F2B /* MultiPageFormApp.swift in Sources */,
			);
			runOnlyForDeploymentPostprocessing = 0;
		};
/* End PBXSourcesBuildPhase section */

/* Begin XCBuildConfiguration section */
		034EB8F229014C3800FA2F2B /* Debug */ = {
			isa = XCBuildConfiguration;
			buildSettings = {
				ALWAYS_SEARCH_USER_PATHS = NO;
				CLANG_ANALYZER_NONNULL = YES;
				CLANG_ANALYZER_NUMBER_OBJECT_CONVERSION = YES_AGGRESSIVE;
				CLANG_CXX_LANGUAGE_STANDARD = "gnu++20";
				CLANG_ENABLE_MODULES = YES;
				CLANG_ENABLE_OBJC_ARC = YES;
				CLANG_ENABLE_OBJC_WEAK = YES;
				CLANG_WARN_BLOCK_CAPTURE_AUTORELEASING = YES;
				CLANG_WARN_BOOL_CONVERSION = YES;
				CLANG_WARN_COMMA = YES;
				CLANG_WARN_CONSTANT_CONVERSION = YES;
				CLANG_WARN_DEPRECATED_OBJC_IMPLEMENTATIONS = YES;
				CLANG_WARN_DIRECT_OBJC_ISA_USAGE = YES_ERROR;
				CLANG_WARN_DOCUMENTATION_COMMENTS = YES;
				CLANG_WARN_EMPTY_BODY = YES;
				CLANG_WARN_ENUM_CONVERSION = YES;
				CLANG_WARN_INFINITE_RECURSION = YES;
				CLANG_WARN_INT_CONVERSION = YES;
				CLANG_WARN_NON_LITERAL_NULL_CONVERSION = YES;
				CLANG_WARN_OBJC_IMPLICIT_RETAIN_SELF = YES;
				CLANG_WARN_OBJC_LITERAL_CONVERSION = YES;
				CLANG_WARN_OBJC_ROOT_CLASS = YES_ERROR;
				CLANG_WARN_QUOTED_INCLUDE_IN_FRAMEWORK_HEADER = YES;
				CLANG_WARN_RANGE_LOOP_ANALYSIS = YES;
				CLANG_WARN_STRICT_PROTOTYPES = YES;
				CLANG_WARN_SUSPICIOUS_MOVE = YES;
				CLANG_WARN_UNGUARDED_AVAILABILITY = YES_AGGRESSIVE;
				CLANG_WARN_UNREACHABLE_CODE = YES;
				CLANG_WARN__DUPLICATE_METHOD_MATCH = YES;
				COPY_PHASE_STRIP = NO;
				DEBUG_INFORMATION_FORMAT = dwarf;
				ENABLE_STRICT_OBJC_MSGSEND = YES;
				ENABLE_TESTABILITY = YES;
				GCC_C_LANGUAGE_STANDARD = gnu11;
				GCC_DYNAMIC_NO_PIC = NO;
				GCC_NO_COMMON_BLOCKS = YES;
				GCC_OPTIMIZATION_LEVEL = 0;
				GCC_PREPROCESSOR_DEFINITIONS = (
					"DEBUG=1",
					"$(inherited)",
				);
				GCC_WARN_64_TO_32_BIT_CONVERSION = YES;
				GCC_WARN_ABOUT_RETURN_TYPE = YES_ERROR;
				GCC_WARN_UNDECLARED_SELECTOR = YES;
				GCC_WARN_UNINITIALIZED_AUTOS = YES_AGGRESSIVE;
				GCC_WARN_UNUSED_FUNCTION = YES;
				GCC_WARN_UNUSED_VARIABLE = YES;
				IPHONEOS_DEPLOYMENT_TARGET = 16.0;
				MTL_ENABLE_DEBUG_INFO = INCLUDE_SOURCE;
				MTL_FAST_MATH = YES;
				ONLY_ACTIVE_ARCH = YES;
				SDKROOT = iphoneos;
				SWIFT_ACTIVE_COMPILATION_CONDITIONS = DEBUG;
				SWIFT_OPTIMIZATION_LEVEL = "-Onone";
			};
			name = Debug;
		};
		034EB8F329014C3800FA2F2B /* Release */ = {
			isa = XCBuildConfiguration;
			buildSettings = {
				ALWAYS_SEARCH_USER_PATHS = NO;
				CLANG_ANALYZER_NONNULL = YES;
				CLANG_ANALYZER_NUMBER_OBJECT_CONVERSION = YES_AGGRESSIVE;
				CLANG_CXX_LANGUAGE_STANDARD = "gnu++20";
				CLANG_ENABLE_MODULES = YES;
				CLANG_ENABLE_OBJC_ARC = YES;
				CLANG_ENABLE_OBJC_WEAK = YES;
				CLANG_WARN_BLOCK_CAPTURE_AUTORELEASING = YES;
				CLANG_WARN_BOOL_CONVERSION = YES;
				CLANG_WARN_COMMA = YES;
				CLANG_WARN_CONSTANT_CONVERSION = YES;
				CLANG_WARN_DEPRECATED_OBJC_IMPLEMENTATIONS = YES;
				CLANG_WARN_DIRECT_OBJC_ISA_USAGE = YES_ERROR;
				CLANG_WARN_DOCUMENTATION_COMMENTS = YES;
				CLANG_WARN_EMPTY_BODY = YES;
				CLANG_WARN_ENUM_CONVERSION = YES;
				CLANG_WARN_INFINITE_RECURSION = YES;
				CLANG_WARN_INT_CONVERSION = YES;
				CLANG_WARN_NON_LITERAL_NULL_CONVERSION = YES;
				CLANG_WARN_OBJC_IMPLICIT_RETAIN_SELF = YES;
				CLANG_WARN_OBJC_LITERAL_CONVERSION = YES;
				CLANG_WARN_OBJC_ROOT_CLASS = YES_ERROR;
				CLANG_WARN_QUOTED_INCLUDE_IN_FRAMEWORK_HEADER = YES;
				CLANG_WARN_RANGE_LOOP_ANALYSIS = YES;
				CLANG_WARN_STRICT_PROTOTYPES = YES;
				CLANG_WARN_SUSPICIOUS_MOVE = YES;
				CLANG_WARN_UNGUARDED_AVAILABILITY = YES_AGGRESSIVE;
				CLANG_WARN_UNREACHABLE_CODE = YES;
				CLANG_WARN__DUPLICATE_METHOD_MATCH = YES;
				COPY_PHASE_STRIP = NO;
				DEBUG_INFORMATION_FORMAT = "dwarf-with-dsym";
				ENABLE_NS_ASSERTIONS = NO;
				ENABLE_STRICT_OBJC_MSGSEND = YES;
				GCC_C_LANGUAGE_STANDARD = gnu11;
				GCC_NO_COMMON_BLOCKS = YES;
				GCC_WARN_64_TO_32_BIT_CONVERSION = YES;
				GCC_WARN_ABOUT_RETURN_TYPE = YES_ERROR;
				GCC_WARN_UNDECLARED_SELECTOR = YES;
				GCC_WARN_UNINITIALIZED_AUTOS = YES_AGGRESSIVE;
				GCC_WARN_UNUSED_FUNCTION = YES;
				GCC_WARN_UNUSED_VARIABLE = YES;
				IPHONEOS_DEPLOYMENT_TARGET = 16.0;
				MTL_ENABLE_DEBUG_INFO = NO;
				MTL_FAST_MATH = YES;
				SDKROOT = iphoneos;
				SWIFT_COMPILATION_MODE = wholemodule;
				SWIFT_OPTIMIZATION_LEVEL = "-O";
				VALIDATE_PRODUCT = YES;
			};
			name = Release;
		};
		034EB8F529014C3800FA2F2B /* Debug */ = {
			isa = XCBuildConfiguration;
			buildSettings = {
				ASSETCATALOG_COMPILER_APPICON_NAME = AppIcon;
				ASSETCATALOG_COMPILER_GLOBAL_ACCENT_COLOR_NAME = AccentColor;
				CODE_SIGN_STYLE = Automatic;
				CURRENT_PROJECT_VERSION = 1;
				DEVELOPMENT_ASSET_PATHS = "\"MultiPageForm/Preview Content\"";
				DEVELOPMENT_TEAM = QM89243HP4;
				ENABLE_PREVIEWS = YES;
				GENERATE_INFOPLIST_FILE = YES;
				INFOPLIST_KEY_UIApplicationSceneManifest_Generation = YES;
				INFOPLIST_KEY_UIApplicationSupportsIndirectInputEvents = YES;
				INFOPLIST_KEY_UILaunchScreen_Generation = YES;
				INFOPLIST_KEY_UISupportedInterfaceOrientations_iPad = "UIInterfaceOrientationPortrait UIInterfaceOrientationPortraitUpsideDown UIInterfaceOrientationLandscapeLeft UIInterfaceOrientationLandscapeRight";
				INFOPLIST_KEY_UISupportedInterfaceOrientations_iPhone = "UIInterfaceOrientationPortrait UIInterfaceOrientationLandscapeLeft UIInterfaceOrientationLandscapeRight";
				LD_RUNPATH_SEARCH_PATHS = (
					"$(inherited)",
					"@executable_path/Frameworks",
				);
				MARKETING_VERSION = 1.0;
				PRODUCT_BUNDLE_IDENTIFIER = com.creativecoder.MultiPageForm;
				PRODUCT_NAME = "$(TARGET_NAME)";
				SWIFT_EMIT_LOC_STRINGS = YES;
				SWIFT_VERSION = 5.0;
				TARGETED_DEVICE_FAMILY = "1,2";
			};
			name = Debug;
		};
		034EB8F629014C3800FA2F2B /* Release */ = {
			isa = XCBuildConfiguration;
			buildSettings = {
				ASSETCATALOG_COMPILER_APPICON_NAME = AppIcon;
				ASSETCATALOG_COMPILER_GLOBAL_ACCENT_COLOR_NAME = AccentColor;
				CODE_SIGN_STYLE = Automatic;
				CURRENT_PROJECT_VERSION = 1;
				DEVELOPMENT_ASSET_PATHS = "\"MultiPageForm/Preview Content\"";
				DEVELOPMENT_TEAM = QM89243HP4;
				ENABLE_PREVIEWS = YES;
				GENERATE_INFOPLIST_FILE = YES;
				INFOPLIST_KEY_UIApplicationSceneManifest_Generation = YES;
				INFOPLIST_KEY_UIApplicationSupportsIndirectInputEvents = YES;
				INFOPLIST_KEY_UILaunchScreen_Generation = YES;
				INFOPLIST_KEY_UISupportedInterfaceOrientations_iPad = "UIInterfaceOrientationPortrait UIInterfaceOrientationPortraitUpsideDown UIInterfaceOrientationLandscapeLeft UIInterfaceOrientationLandscapeRight";
				INFOPLIST_KEY_UISupportedInterfaceOrientations_iPhone = "UIInterfaceOrientationPortrait UIInterfaceOrientationLandscapeLeft UIInterfaceOrientationLandscapeRight";
				LD_RUNPATH_SEARCH_PATHS = (
					"$(inherited)",
					"@executable_path/Frameworks",
				);
				MARKETING_VERSION = 1.0;
				PRODUCT_BUNDLE_IDENTIFIER = com.creativecoder.MultiPageForm;
				PRODUCT_NAME = "$(TARGET_NAME)";
				SWIFT_EMIT_LOC_STRINGS = YES;
				SWIFT_VERSION = 5.0;
				TARGETED_DEVICE_FAMILY = "1,2";
			};
			name = Release;
		};
/* End XCBuildConfiguration section */

/* Begin XCConfigurationList section */
		034EB8E129014C3700FA2F2B /* Build configuration list for PBXProject "MultiPageForm" */ = {
			isa = XCConfigurationList;
			buildConfigurations = (
				034EB8F229014C3800FA2F2B /* Debug */,
				034EB8F329014C3800FA2F2B /* Release */,
			);
			defaultConfigurationIsVisible = 0;
			defaultConfigurationName = Release;
		};
		034EB8F429014C3800FA2F2B /* Build configuration list for PBXNativeTarget "MultiPageForm" */ = {
			isa = XCConfigurationList;
			buildConfigurations = (
				034EB8F529014C3800FA2F2B /* Debug */,
				034EB8F629014C3800FA2F2B /* Release */,
			);
			defaultConfigurationIsVisible = 0;
			defaultConfigurationName = Release;
		};
/* End XCConfigurationList section */
	};
	rootObject = 034EB8DE29014C3700FA2F2B /* Project object */;
}
